
Microsoft Visual Studio Solution File, Format Version 12.00
# Visual Studio Version 17
VisualStudioVersion = 17.2.32602.215
MinimumVisualStudioVersion = 10.0.40219.1
Project("{FAE04EC0-301F-11D3-BF4B-00C04F79EFBC}") = "Kazoku.Dev.Blazor", "Kazoku.Dev.Blazor\Kazoku.Dev.Blazor.csproj", "{56693F4D-CBD9-4CF2-B777-2C56F7BB8299}"
EndProject
Global
	GlobalSection(SolutionConfigurationPlatforms) = preSolution
		Debug|Any CPU = Debug|Any CPU
		Release|Any CPU = Release|Any CPU
	EndGlobalSection
	GlobalSection(ProjectConfigurationPlatforms) = postSolution
		{56693F4D-CBD9-4CF2-B777-2C56F7BB8299}.Debug|Any CPU.ActiveCfg = Debug|Any CPU
		{56693F4D-CBD9-4CF2-B777-2C56F7BB8299}.Debug|Any CPU.Build.0 = Debug|Any CPU
		{56693F4D-CBD9-4CF2-B777-2C56F7BB8299}.Release|Any CPU.ActiveCfg = Release|Any CPU
		{56693F4D-CBD9-4CF2-B777-2C56F7BB8299}.Release|Any CPU.Build.0 = Release|Any CPU
	EndGlobalSection
	GlobalSection(SolutionProperties) = preSolution
		HideSolutionNode = FALSE
	EndGlobalSection
	GlobalSection(ExtensibilityGlobals) = postSolution
		SolutionGuid = {A4790F8F-2BE3-449C-8917-C7C71FB0C708}
	EndGlobalSection
EndGlobal
